
Microsoft Visual Studio Solution File, Format Version 12.00
# Visual Studio 15
VisualStudioVersion = 15.0.26730.10
MinimumVisualStudioVersion = 10.0.40219.1
Project("{FAE04EC0-301F-11D3-BF4B-00C04F79EFBC}") = "ips-patch-manager", "ips-patch-manager.csproj", "{4A4D2F94-E543-4351-B70E-C22AB70BA38A}"
EndProject
Project("{FAE04EC0-301F-11D3-BF4B-00C04F79EFBC}") = "LibIPS.NET", "LibIPS.NET\LibIPS.NET\LibIPS.NET.csproj", "{B997EAB5-FD05-4B98-9663-C9FE2D822150}"
EndProject
Project("{FAE04EC0-301F-11D3-BF4B-00C04F79EFBC}") = "cskas", "xkas-2011\cskas\cskas.csproj", "{E93A5E4C-2FAB-4395-BB15-70D7C99EF449}"
	ProjectSection(ProjectDependencies) = postProject
		{E92BB39D-D84D-4429-84DF-85100FBC89DF} = {E92BB39D-D84D-4429-84DF-85100FBC89DF}
	EndProjectSection
EndProject
Project("{8BC9CEB8-8B4A-11D0-8D11-00A0C91BC942}") = "xkas-dll", "xkas-2011\xkas-dll\xkas-dll.vcxproj", "{E92BB39D-D84D-4429-84DF-85100FBC89DF}"
EndProject
Project("{FAE04EC0-301F-11D3-BF4B-00C04F79EFBC}") = "patch-applier", "patch-applier\patch-applier.csproj", "{DE81334E-AECC-41C1-AC54-C71ED38205BC}"
EndProject
Project("{FAE04EC0-301F-11D3-BF4B-00C04F79EFBC}") = "patch-applier-tests", "patch-applier-tests\patch-applier-tests.csproj", "{55F66C43-3BFF-4B22-9978-3461FB896118}"
EndProject
Project("{8BC9CEB8-8B4A-11D0-8D11-00A0C91BC942}") = "asar", "asar\asar\asar.vcxproj", "{C866849D-F149-3CF6-8D8B-AE6A92677C3C}"
EndProject
Project("{FAE04EC0-301F-11D3-BF4B-00C04F79EFBC}") = "asar-dll", "asar-dll\asar-dll.csproj", "{FAA077C1-541D-497F-B6A0-8A08ADB8F52D}"
	ProjectSection(ProjectDependencies) = postProject
		{C866849D-F149-3CF6-8D8B-AE6A92677C3C} = {C866849D-F149-3CF6-8D8B-AE6A92677C3C}
	EndProjectSection
EndProject
Global
	GlobalSection(SolutionConfigurationPlatforms) = preSolution
		Debug|Any CPU = Debug|Any CPU
		Debug|x64 = Debug|x64
		Debug|x86 = Debug|x86
		MinSizeRel|Any CPU = MinSizeRel|Any CPU
		MinSizeRel|x64 = MinSizeRel|x64
		MinSizeRel|x86 = MinSizeRel|x86
		Release|Any CPU = Release|Any CPU
		Release|x64 = Release|x64
		Release|x86 = Release|x86
		RelWithDebInfo|Any CPU = RelWithDebInfo|Any CPU
		RelWithDebInfo|x64 = RelWithDebInfo|x64
		RelWithDebInfo|x86 = RelWithDebInfo|x86
	EndGlobalSection
	GlobalSection(ProjectConfigurationPlatforms) = postSolution
		{4A4D2F94-E543-4351-B70E-C22AB70BA38A}.Debug|Any CPU.ActiveCfg = Debug|Any CPU
		{4A4D2F94-E543-4351-B70E-C22AB70BA38A}.Debug|Any CPU.Build.0 = Debug|Any CPU
		{4A4D2F94-E543-4351-B70E-C22AB70BA38A}.Debug|x64.ActiveCfg = Debug|Any CPU
		{4A4D2F94-E543-4351-B70E-C22AB70BA38A}.Debug|x64.Build.0 = Debug|Any CPU
		{4A4D2F94-E543-4351-B70E-C22AB70BA38A}.Debug|x86.ActiveCfg = Debug|Any CPU
		{4A4D2F94-E543-4351-B70E-C22AB70BA38A}.Debug|x86.Build.0 = Debug|Any CPU
		{4A4D2F94-E543-4351-B70E-C22AB70BA38A}.MinSizeRel|Any CPU.ActiveCfg = Release|Any CPU
		{4A4D2F94-E543-4351-B70E-C22AB70BA38A}.MinSizeRel|Any CPU.Build.0 = Release|Any CPU
		{4A4D2F94-E543-4351-B70E-C22AB70BA38A}.MinSizeRel|x64.ActiveCfg = Release|Any CPU
		{4A4D2F94-E543-4351-B70E-C22AB70BA38A}.MinSizeRel|x64.Build.0 = Release|Any CPU
		{4A4D2F94-E543-4351-B70E-C22AB70BA38A}.MinSizeRel|x86.ActiveCfg = Release|Any CPU
		{4A4D2F94-E543-4351-B70E-C22AB70BA38A}.MinSizeRel|x86.Build.0 = Release|Any CPU
		{4A4D2F94-E543-4351-B70E-C22AB70BA38A}.Release|Any CPU.ActiveCfg = Debug|Any CPU
		{4A4D2F94-E543-4351-B70E-C22AB70BA38A}.Release|Any CPU.Build.0 = Debug|Any CPU
		{4A4D2F94-E543-4351-B70E-C22AB70BA38A}.Release|x64.ActiveCfg = Release|Any CPU
		{4A4D2F94-E543-4351-B70E-C22AB70BA38A}.Release|x64.Build.0 = Release|Any CPU
		{4A4D2F94-E543-4351-B70E-C22AB70BA38A}.Release|x86.ActiveCfg = Release|Any CPU
		{4A4D2F94-E543-4351-B70E-C22AB70BA38A}.Release|x86.Build.0 = Release|Any CPU
		{4A4D2F94-E543-4351-B70E-C22AB70BA38A}.RelWithDebInfo|Any CPU.ActiveCfg = Release|Any CPU
		{4A4D2F94-E543-4351-B70E-C22AB70BA38A}.RelWithDebInfo|Any CPU.Build.0 = Release|Any CPU
		{4A4D2F94-E543-4351-B70E-C22AB70BA38A}.RelWithDebInfo|x64.ActiveCfg = Release|Any CPU
		{4A4D2F94-E543-4351-B70E-C22AB70BA38A}.RelWithDebInfo|x64.Build.0 = Release|Any CPU
		{4A4D2F94-E543-4351-B70E-C22AB70BA38A}.RelWithDebInfo|x86.ActiveCfg = Release|Any CPU
		{4A4D2F94-E543-4351-B70E-C22AB70BA38A}.RelWithDebInfo|x86.Build.0 = Release|Any CPU
		{B997EAB5-FD05-4B98-9663-C9FE2D822150}.Debug|Any CPU.ActiveCfg = Debug|Any CPU
		{B997EAB5-FD05-4B98-9663-C9FE2D822150}.Debug|Any CPU.Build.0 = Debug|Any CPU
		{B997EAB5-FD05-4B98-9663-C9FE2D822150}.Debug|x64.ActiveCfg = Debug|Any CPU
		{B997EAB5-FD05-4B98-9663-C9FE2D822150}.Debug|x64.Build.0 = Debug|Any CPU
		{B997EAB5-FD05-4B98-9663-C9FE2D822150}.Debug|x86.ActiveCfg = Debug|Any CPU
		{B997EAB5-FD05-4B98-9663-C9FE2D822150}.Debug|x86.Build.0 = Debug|Any CPU
		{B997EAB5-FD05-4B98-9663-C9FE2D822150}.MinSizeRel|Any CPU.ActiveCfg = Release|Any CPU
		{B997EAB5-FD05-4B98-9663-C9FE2D822150}.MinSizeRel|Any CPU.Build.0 = Release|Any CPU
		{B997EAB5-FD05-4B98-9663-C9FE2D822150}.MinSizeRel|x64.ActiveCfg = Release|Any CPU
		{B997EAB5-FD05-4B98-9663-C9FE2D822150}.MinSizeRel|x64.Build.0 = Release|Any CPU
		{B997EAB5-FD05-4B98-9663-C9FE2D822150}.MinSizeRel|x86.ActiveCfg = Release|Any CPU
		{B997EAB5-FD05-4B98-9663-C9FE2D822150}.MinSizeRel|x86.Build.0 = Release|Any CPU
		{B997EAB5-FD05-4B98-9663-C9FE2D822150}.Release|Any CPU.ActiveCfg = Debug|Any CPU
		{B997EAB5-FD05-4B98-9663-C9FE2D822150}.Release|Any CPU.Build.0 = Debug|Any CPU
		{B997EAB5-FD05-4B98-9663-C9FE2D822150}.Release|x64.ActiveCfg = Release|Any CPU
		{B997EAB5-FD05-4B98-9663-C9FE2D822150}.Release|x64.Build.0 = Release|Any CPU
		{B997EAB5-FD05-4B98-9663-C9FE2D822150}.Release|x86.ActiveCfg = Release|Any CPU
		{B997EAB5-FD05-4B98-9663-C9FE2D822150}.Release|x86.Build.0 = Release|Any CPU
		{B997EAB5-FD05-4B98-9663-C9FE2D822150}.RelWithDebInfo|Any CPU.ActiveCfg = Release|Any CPU
		{B997EAB5-FD05-4B98-9663-C9FE2D822150}.RelWithDebInfo|Any CPU.Build.0 = Release|Any CPU
		{B997EAB5-FD05-4B98-9663-C9FE2D822150}.RelWithDebInfo|x64.ActiveCfg = Release|Any CPU
		{B997EAB5-FD05-4B98-9663-C9FE2D822150}.RelWithDebInfo|x64.Build.0 = Release|Any CPU
		{B997EAB5-FD05-4B98-9663-C9FE2D822150}.RelWithDebInfo|x86.ActiveCfg = Release|Any CPU
		{B997EAB5-FD05-4B98-9663-C9FE2D822150}.RelWithDebInfo|x86.Build.0 = Release|Any CPU
		{E93A5E4C-2FAB-4395-BB15-70D7C99EF449}.Debug|Any CPU.ActiveCfg = Debug|Any CPU
		{E93A5E4C-2FAB-4395-BB15-70D7C99EF449}.Debug|Any CPU.Build.0 = Debug|Any CPU
		{E93A5E4C-2FAB-4395-BB15-70D7C99EF449}.Debug|x64.ActiveCfg = Debug|Any CPU
		{E93A5E4C-2FAB-4395-BB15-70D7C99EF449}.Debug|x64.Build.0 = Debug|Any CPU
		{E93A5E4C-2FAB-4395-BB15-70D7C99EF449}.Debug|x86.ActiveCfg = Debug|x86
		{E93A5E4C-2FAB-4395-BB15-70D7C99EF449}.Debug|x86.Build.0 = Debug|x86
		{E93A5E4C-2FAB-4395-BB15-70D7C99EF449}.MinSizeRel|Any CPU.ActiveCfg = Release|Any CPU
		{E93A5E4C-2FAB-4395-BB15-70D7C99EF449}.MinSizeRel|Any CPU.Build.0 = Release|Any CPU
		{E93A5E4C-2FAB-4395-BB15-70D7C99EF449}.MinSizeRel|x64.ActiveCfg = Release|Any CPU
		{E93A5E4C-2FAB-4395-BB15-70D7C99EF449}.MinSizeRel|x64.Build.0 = Release|Any CPU
		{E93A5E4C-2FAB-4395-BB15-70D7C99EF449}.MinSizeRel|x86.ActiveCfg = Release|x86
		{E93A5E4C-2FAB-4395-BB15-70D7C99EF449}.MinSizeRel|x86.Build.0 = Release|x86
		{E93A5E4C-2FAB-4395-BB15-70D7C99EF449}.Release|Any CPU.ActiveCfg = Debug|Any CPU
		{E93A5E4C-2FAB-4395-BB15-70D7C99EF449}.Release|Any CPU.Build.0 = Debug|Any CPU
		{E93A5E4C-2FAB-4395-BB15-70D7C99EF449}.Release|x64.ActiveCfg = Release|Any CPU
		{E93A5E4C-2FAB-4395-BB15-70D7C99EF449}.Release|x64.Build.0 = Release|Any CPU
		{E93A5E4C-2FAB-4395-BB15-70D7C99EF449}.Release|x86.ActiveCfg = Release|x86
		{E93A5E4C-2FAB-4395-BB15-70D7C99EF449}.Release|x86.Build.0 = Release|x86
		{E93A5E4C-2FAB-4395-BB15-70D7C99EF449}.RelWithDebInfo|Any CPU.ActiveCfg = Release|Any CPU
		{E93A5E4C-2FAB-4395-BB15-70D7C99EF449}.RelWithDebInfo|Any CPU.Build.0 = Release|Any CPU
		{E93A5E4C-2FAB-4395-BB15-70D7C99EF449}.RelWithDebInfo|x64.ActiveCfg = Release|Any CPU
		{E93A5E4C-2FAB-4395-BB15-70D7C99EF449}.RelWithDebInfo|x64.Build.0 = Release|Any CPU
		{E93A5E4C-2FAB-4395-BB15-70D7C99EF449}.RelWithDebInfo|x86.ActiveCfg = Release|x86
		{E93A5E4C-2FAB-4395-BB15-70D7C99EF449}.RelWithDebInfo|x86.Build.0 = Release|x86
		{E92BB39D-D84D-4429-84DF-85100FBC89DF}.Debug|Any CPU.ActiveCfg = Debug|Win32
		{E92BB39D-D84D-4429-84DF-85100FBC89DF}.Debug|Any CPU.Build.0 = Debug|Win32
		{E92BB39D-D84D-4429-84DF-85100FBC89DF}.Debug|x64.ActiveCfg = Debug|Win32
		{E92BB39D-D84D-4429-84DF-85100FBC89DF}.Debug|x86.ActiveCfg = Debug|Win32
		{E92BB39D-D84D-4429-84DF-85100FBC89DF}.Debug|x86.Build.0 = Debug|Win32
		{E92BB39D-D84D-4429-84DF-85100FBC89DF}.MinSizeRel|Any CPU.ActiveCfg = Release|Win32
		{E92BB39D-D84D-4429-84DF-85100FBC89DF}.MinSizeRel|Any CPU.Build.0 = Release|Win32
		{E92BB39D-D84D-4429-84DF-85100FBC89DF}.MinSizeRel|x64.ActiveCfg = Release|Win32
		{E92BB39D-D84D-4429-84DF-85100FBC89DF}.MinSizeRel|x64.Build.0 = Release|Win32
		{E92BB39D-D84D-4429-84DF-85100FBC89DF}.MinSizeRel|x86.ActiveCfg = Release|Win32
		{E92BB39D-D84D-4429-84DF-85100FBC89DF}.MinSizeRel|x86.Build.0 = Release|Win32
		{E92BB39D-D84D-4429-84DF-85100FBC89DF}.Release|Any CPU.ActiveCfg = Debug|Win32
		{E92BB39D-D84D-4429-84DF-85100FBC89DF}.Release|Any CPU.Build.0 = Debug|Win32
		{E92BB39D-D84D-4429-84DF-85100FBC89DF}.Release|x64.ActiveCfg = Release|Win32
		{E92BB39D-D84D-4429-84DF-85100FBC89DF}.Release|x86.ActiveCfg = Release|Win32
		{E92BB39D-D84D-4429-84DF-85100FBC89DF}.Release|x86.Build.0 = Release|Win32
		{E92BB39D-D84D-4429-84DF-85100FBC89DF}.RelWithDebInfo|Any CPU.ActiveCfg = Release|Win32
		{E92BB39D-D84D-4429-84DF-85100FBC89DF}.RelWithDebInfo|Any CPU.Build.0 = Release|Win32
		{E92BB39D-D84D-4429-84DF-85100FBC89DF}.RelWithDebInfo|x64.ActiveCfg = Release|Win32
		{E92BB39D-D84D-4429-84DF-85100FBC89DF}.RelWithDebInfo|x64.Build.0 = Release|Win32
		{E92BB39D-D84D-4429-84DF-85100FBC89DF}.RelWithDebInfo|x86.ActiveCfg = Release|Win32
		{E92BB39D-D84D-4429-84DF-85100FBC89DF}.RelWithDebInfo|x86.Build.0 = Release|Win32
		{DE81334E-AECC-41C1-AC54-C71ED38205BC}.Debug|Any CPU.ActiveCfg = Debug|Any CPU
		{DE81334E-AECC-41C1-AC54-C71ED38205BC}.Debug|Any CPU.Build.0 = Debug|Any CPU
		{DE81334E-AECC-41C1-AC54-C71ED38205BC}.Debug|x64.ActiveCfg = Debug|Any CPU
		{DE81334E-AECC-41C1-AC54-C71ED38205BC}.Debug|x64.Build.0 = Debug|Any CPU
		{DE81334E-AECC-41C1-AC54-C71ED38205BC}.Debug|x86.ActiveCfg = Debug|Any CPU
		{DE81334E-AECC-41C1-AC54-C71ED38205BC}.Debug|x86.Build.0 = Debug|Any CPU
		{DE81334E-AECC-41C1-AC54-C71ED38205BC}.MinSizeRel|Any CPU.ActiveCfg = Release|Any CPU
		{DE81334E-AECC-41C1-AC54-C71ED38205BC}.MinSizeRel|Any CPU.Build.0 = Release|Any CPU
		{DE81334E-AECC-41C1-AC54-C71ED38205BC}.MinSizeRel|x64.ActiveCfg = Release|Any CPU
		{DE81334E-AECC-41C1-AC54-C71ED38205BC}.MinSizeRel|x64.Build.0 = Release|Any CPU
		{DE81334E-AECC-41C1-AC54-C71ED38205BC}.MinSizeRel|x86.ActiveCfg = Release|Any CPU
		{DE81334E-AECC-41C1-AC54-C71ED38205BC}.MinSizeRel|x86.Build.0 = Release|Any CPU
		{DE81334E-AECC-41C1-AC54-C71ED38205BC}.Release|Any CPU.ActiveCfg = Release|Any CPU
		{DE81334E-AECC-41C1-AC54-C71ED38205BC}.Release|Any CPU.Build.0 = Release|Any CPU
		{DE81334E-AECC-41C1-AC54-C71ED38205BC}.Release|x64.ActiveCfg = Release|Any CPU
		{DE81334E-AECC-41C1-AC54-C71ED38205BC}.Release|x64.Build.0 = Release|Any CPU
		{DE81334E-AECC-41C1-AC54-C71ED38205BC}.Release|x86.ActiveCfg = Release|Any CPU
		{DE81334E-AECC-41C1-AC54-C71ED38205BC}.Release|x86.Build.0 = Release|Any CPU
		{DE81334E-AECC-41C1-AC54-C71ED38205BC}.RelWithDebInfo|Any CPU.ActiveCfg = Release|Any CPU
		{DE81334E-AECC-41C1-AC54-C71ED38205BC}.RelWithDebInfo|Any CPU.Build.0 = Release|Any CPU
		{DE81334E-AECC-41C1-AC54-C71ED38205BC}.RelWithDebInfo|x64.ActiveCfg = Release|Any CPU
		{DE81334E-AECC-41C1-AC54-C71ED38205BC}.RelWithDebInfo|x64.Build.0 = Release|Any CPU
		{DE81334E-AECC-41C1-AC54-C71ED38205BC}.RelWithDebInfo|x86.ActiveCfg = Release|Any CPU
		{DE81334E-AECC-41C1-AC54-C71ED38205BC}.RelWithDebInfo|x86.Build.0 = Release|Any CPU
		{55F66C43-3BFF-4B22-9978-3461FB896118}.Debug|Any CPU.ActiveCfg = Debug|Any CPU
		{55F66C43-3BFF-4B22-9978-3461FB896118}.Debug|Any CPU.Build.0 = Debug|Any CPU
		{55F66C43-3BFF-4B22-9978-3461FB896118}.Debug|x64.ActiveCfg = Debug|Any CPU
		{55F66C43-3BFF-4B22-9978-3461FB896118}.Debug|x64.Build.0 = Debug|Any CPU
		{55F66C43-3BFF-4B22-9978-3461FB896118}.Debug|x86.ActiveCfg = Debug|Any CPU
		{55F66C43-3BFF-4B22-9978-3461FB896118}.Debug|x86.Build.0 = Debug|Any CPU
		{55F66C43-3BFF-4B22-9978-3461FB896118}.MinSizeRel|Any CPU.ActiveCfg = Release|Any CPU
		{55F66C43-3BFF-4B22-9978-3461FB896118}.MinSizeRel|Any CPU.Build.0 = Release|Any CPU
		{55F66C43-3BFF-4B22-9978-3461FB896118}.MinSizeRel|x64.ActiveCfg = Release|Any CPU
		{55F66C43-3BFF-4B22-9978-3461FB896118}.MinSizeRel|x64.Build.0 = Release|Any CPU
		{55F66C43-3BFF-4B22-9978-3461FB896118}.MinSizeRel|x86.ActiveCfg = Release|Any CPU
		{55F66C43-3BFF-4B22-9978-3461FB896118}.MinSizeRel|x86.Build.0 = Release|Any CPU
		{55F66C43-3BFF-4B22-9978-3461FB896118}.Release|Any CPU.ActiveCfg = Release|Any CPU
		{55F66C43-3BFF-4B22-9978-3461FB896118}.Release|Any CPU.Build.0 = Release|Any CPU
		{55F66C43-3BFF-4B22-9978-3461FB896118}.Release|x64.ActiveCfg = Release|Any CPU
		{55F66C43-3BFF-4B22-9978-3461FB896118}.Release|x64.Build.0 = Release|Any CPU
		{55F66C43-3BFF-4B22-9978-3461FB896118}.Release|x86.ActiveCfg = Release|Any CPU
		{55F66C43-3BFF-4B22-9978-3461FB896118}.Release|x86.Build.0 = Release|Any CPU
		{55F66C43-3BFF-4B22-9978-3461FB896118}.RelWithDebInfo|Any CPU.ActiveCfg = Release|Any CPU
		{55F66C43-3BFF-4B22-9978-3461FB896118}.RelWithDebInfo|Any CPU.Build.0 = Release|Any CPU
		{55F66C43-3BFF-4B22-9978-3461FB896118}.RelWithDebInfo|x64.ActiveCfg = Release|Any CPU
		{55F66C43-3BFF-4B22-9978-3461FB896118}.RelWithDebInfo|x64.Build.0 = Release|Any CPU
		{55F66C43-3BFF-4B22-9978-3461FB896118}.RelWithDebInfo|x86.ActiveCfg = Release|Any CPU
		{55F66C43-3BFF-4B22-9978-3461FB896118}.RelWithDebInfo|x86.Build.0 = Release|Any CPU
		{C866849D-F149-3CF6-8D8B-AE6A92677C3C}.Debug|Any CPU.ActiveCfg = Debug|Win32
		{C866849D-F149-3CF6-8D8B-AE6A92677C3C}.Debug|x64.ActiveCfg = Debug|Win32
		{C866849D-F149-3CF6-8D8B-AE6A92677C3C}.Debug|x86.ActiveCfg = Debug|Win32
		{C866849D-F149-3CF6-8D8B-AE6A92677C3C}.Debug|x86.Build.0 = Debug|Win32
		{C866849D-F149-3CF6-8D8B-AE6A92677C3C}.MinSizeRel|Any CPU.ActiveCfg = MinSizeRel|Win32
		{C866849D-F149-3CF6-8D8B-AE6A92677C3C}.MinSizeRel|x64.ActiveCfg = MinSizeRel|Win32
		{C866849D-F149-3CF6-8D8B-AE6A92677C3C}.MinSizeRel|x86.ActiveCfg = MinSizeRel|Win32
		{C866849D-F149-3CF6-8D8B-AE6A92677C3C}.MinSizeRel|x86.Build.0 = MinSizeRel|Win32
		{C866849D-F149-3CF6-8D8B-AE6A92677C3C}.Release|Any CPU.ActiveCfg = Release|Win32
		{C866849D-F149-3CF6-8D8B-AE6A92677C3C}.Release|x64.ActiveCfg = Release|Win32
		{C866849D-F149-3CF6-8D8B-AE6A92677C3C}.Release|x86.ActiveCfg = Release|Win32
		{C866849D-F149-3CF6-8D8B-AE6A92677C3C}.Release|x86.Build.0 = Release|Win32
		{C866849D-F149-3CF6-8D8B-AE6A92677C3C}.RelWithDebInfo|Any CPU.ActiveCfg = RelWithDebInfo|Win32
		{C866849D-F149-3CF6-8D8B-AE6A92677C3C}.RelWithDebInfo|x64.ActiveCfg = RelWithDebInfo|Win32
		{C866849D-F149-3CF6-8D8B-AE6A92677C3C}.RelWithDebInfo|x86.ActiveCfg = RelWithDebInfo|Win32
		{C866849D-F149-3CF6-8D8B-AE6A92677C3C}.RelWithDebInfo|x86.Build.0 = RelWithDebInfo|Win32
		{FAA077C1-541D-497F-B6A0-8A08ADB8F52D}.Debug|Any CPU.ActiveCfg = Debug|Any CPU
		{FAA077C1-541D-497F-B6A0-8A08ADB8F52D}.Debug|Any CPU.Build.0 = Debug|Any CPU
		{FAA077C1-541D-497F-B6A0-8A08ADB8F52D}.Debug|x64.ActiveCfg = Debug|Any CPU
		{FAA077C1-541D-497F-B6A0-8A08ADB8F52D}.Debug|x64.Build.0 = Debug|Any CPU
		{FAA077C1-541D-497F-B6A0-8A08ADB8F52D}.Debug|x86.ActiveCfg = Debug|Any CPU
		{FAA077C1-541D-497F-B6A0-8A08ADB8F52D}.Debug|x86.Build.0 = Debug|Any CPU
		{FAA077C1-541D-497F-B6A0-8A08ADB8F52D}.MinSizeRel|Any CPU.ActiveCfg = Release|Any CPU
		{FAA077C1-541D-497F-B6A0-8A08ADB8F52D}.MinSizeRel|Any CPU.Build.0 = Release|Any CPU
		{FAA077C1-541D-497F-B6A0-8A08ADB8F52D}.MinSizeRel|x64.ActiveCfg = Release|Any CPU
		{FAA077C1-541D-497F-B6A0-8A08ADB8F52D}.MinSizeRel|x64.Build.0 = Release|Any CPU
		{FAA077C1-541D-497F-B6A0-8A08ADB8F52D}.MinSizeRel|x86.ActiveCfg = Release|Any CPU
		{FAA077C1-541D-497F-B6A0-8A08ADB8F52D}.MinSizeRel|x86.Build.0 = Release|Any CPU
		{FAA077C1-541D-497F-B6A0-8A08ADB8F52D}.Release|Any CPU.ActiveCfg = Release|Any CPU
		{FAA077C1-541D-497F-B6A0-8A08ADB8F52D}.Release|Any CPU.Build.0 = Release|Any CPU
		{FAA077C1-541D-497F-B6A0-8A08ADB8F52D}.Release|x64.ActiveCfg = Release|Any CPU
		{FAA077C1-541D-497F-B6A0-8A08ADB8F52D}.Release|x64.Build.0 = Release|Any CPU
		{FAA077C1-541D-497F-B6A0-8A08ADB8F52D}.Release|x86.ActiveCfg = Release|Any CPU
		{FAA077C1-541D-497F-B6A0-8A08ADB8F52D}.Release|x86.Build.0 = Release|Any CPU
		{FAA077C1-541D-497F-B6A0-8A08ADB8F52D}.RelWithDebInfo|Any CPU.ActiveCfg = Release|Any CPU
		{FAA077C1-541D-497F-B6A0-8A08ADB8F52D}.RelWithDebInfo|Any CPU.Build.0 = Release|Any CPU
		{FAA077C1-541D-497F-B6A0-8A08ADB8F52D}.RelWithDebInfo|x64.ActiveCfg = Release|Any CPU
		{FAA077C1-541D-497F-B6A0-8A08ADB8F52D}.RelWithDebInfo|x64.Build.0 = Release|Any CPU
		{FAA077C1-541D-497F-B6A0-8A08ADB8F52D}.RelWithDebInfo|x86.ActiveCfg = Release|Any CPU
		{FAA077C1-541D-497F-B6A0-8A08ADB8F52D}.RelWithDebInfo|x86.Build.0 = Release|Any CPU
	EndGlobalSection
	GlobalSection(SolutionProperties) = preSolution
		HideSolutionNode = FALSE
	EndGlobalSection
	GlobalSection(ExtensibilityGlobals) = postSolution
		SolutionGuid = {52CE6355-0428-4D4D-ACAE-A53B5203F62E}
	EndGlobalSection
EndGlobal
