
Microsoft Visual Studio Solution File, Format Version 12.00
# Visual Studio 15
VisualStudioVersion = 15.0.26730.10
MinimumVisualStudioVersion = 10.0.40219.1
Project("{FAE04EC0-301F-11D3-BF4B-00C04F79EFBC}") = "ips-patch-manager", "ips-patch-manager.csproj", "{4A4D2F94-E543-4351-B70E-C22AB70BA38A}"
	ProjectSection(ProjectDependencies) = postProject
		{B997EAB5-FD05-4B98-9663-C9FE2D822150} = {B997EAB5-FD05-4B98-9663-C9FE2D822150}
	EndProjectSection
EndProject
Project("{FAE04EC0-301F-11D3-BF4B-00C04F79EFBC}") = "LibIPS.NET", "LibIPS.NET\LibIPS.NET\LibIPS.NET.csproj", "{B997EAB5-FD05-4B98-9663-C9FE2D822150}"
EndProject
Project("{FAE04EC0-301F-11D3-BF4B-00C04F79EFBC}") = "cskas", "xkas-2011\cskas\cskas.csproj", "{E93A5E4C-2FAB-4395-BB15-70D7C99EF449}"
	ProjectSection(ProjectDependencies) = postProject
		{E92BB39D-D84D-4429-84DF-85100FBC89DF} = {E92BB39D-D84D-4429-84DF-85100FBC89DF}
	EndProjectSection
EndProject
Project("{8BC9CEB8-8B4A-11D0-8D11-00A0C91BC942}") = "xkas-dll", "xkas-2011\xkas-dll\xkas-dll.vcxproj", "{E92BB39D-D84D-4429-84DF-85100FBC89DF}"
EndProject
Global
	GlobalSection(SolutionConfigurationPlatforms) = preSolution
		Debug|Any CPU = Debug|Any CPU
		Debug|x86 = Debug|x86
		Release|Any CPU = Release|Any CPU
		Release|x86 = Release|x86
	EndGlobalSection
	GlobalSection(ProjectConfigurationPlatforms) = postSolution
		{4A4D2F94-E543-4351-B70E-C22AB70BA38A}.Debug|Any CPU.ActiveCfg = Debug|Any CPU
		{4A4D2F94-E543-4351-B70E-C22AB70BA38A}.Debug|Any CPU.Build.0 = Debug|Any CPU
		{4A4D2F94-E543-4351-B70E-C22AB70BA38A}.Debug|x86.ActiveCfg = Debug|Any CPU
		{4A4D2F94-E543-4351-B70E-C22AB70BA38A}.Debug|x86.Build.0 = Debug|Any CPU
		{4A4D2F94-E543-4351-B70E-C22AB70BA38A}.Release|Any CPU.ActiveCfg = Debug|Any CPU
		{4A4D2F94-E543-4351-B70E-C22AB70BA38A}.Release|Any CPU.Build.0 = Debug|Any CPU
		{4A4D2F94-E543-4351-B70E-C22AB70BA38A}.Release|x86.ActiveCfg = Release|Any CPU
		{4A4D2F94-E543-4351-B70E-C22AB70BA38A}.Release|x86.Build.0 = Release|Any CPU
		{B997EAB5-FD05-4B98-9663-C9FE2D822150}.Debug|Any CPU.ActiveCfg = Debug|Any CPU
		{B997EAB5-FD05-4B98-9663-C9FE2D822150}.Debug|Any CPU.Build.0 = Debug|Any CPU
		{B997EAB5-FD05-4B98-9663-C9FE2D822150}.Debug|x86.ActiveCfg = Debug|Any CPU
		{B997EAB5-FD05-4B98-9663-C9FE2D822150}.Debug|x86.Build.0 = Debug|Any CPU
		{B997EAB5-FD05-4B98-9663-C9FE2D822150}.Release|Any CPU.ActiveCfg = Debug|Any CPU
		{B997EAB5-FD05-4B98-9663-C9FE2D822150}.Release|Any CPU.Build.0 = Debug|Any CPU
		{B997EAB5-FD05-4B98-9663-C9FE2D822150}.Release|x86.ActiveCfg = Release|Any CPU
		{B997EAB5-FD05-4B98-9663-C9FE2D822150}.Release|x86.Build.0 = Release|Any CPU
		{E93A5E4C-2FAB-4395-BB15-70D7C99EF449}.Debug|Any CPU.ActiveCfg = Debug|Any CPU
		{E93A5E4C-2FAB-4395-BB15-70D7C99EF449}.Debug|Any CPU.Build.0 = Debug|Any CPU
		{E93A5E4C-2FAB-4395-BB15-70D7C99EF449}.Debug|x86.ActiveCfg = Debug|x86
		{E93A5E4C-2FAB-4395-BB15-70D7C99EF449}.Debug|x86.Build.0 = Debug|x86
		{E93A5E4C-2FAB-4395-BB15-70D7C99EF449}.Release|Any CPU.ActiveCfg = Debug|Any CPU
		{E93A5E4C-2FAB-4395-BB15-70D7C99EF449}.Release|Any CPU.Build.0 = Debug|Any CPU
		{E93A5E4C-2FAB-4395-BB15-70D7C99EF449}.Release|x86.ActiveCfg = Release|x86
		{E93A5E4C-2FAB-4395-BB15-70D7C99EF449}.Release|x86.Build.0 = Release|x86
		{E92BB39D-D84D-4429-84DF-85100FBC89DF}.Debug|Any CPU.ActiveCfg = Debug|Win32
		{E92BB39D-D84D-4429-84DF-85100FBC89DF}.Debug|Any CPU.Build.0 = Debug|Win32
		{E92BB39D-D84D-4429-84DF-85100FBC89DF}.Debug|x86.ActiveCfg = Debug|Win32
		{E92BB39D-D84D-4429-84DF-85100FBC89DF}.Debug|x86.Build.0 = Debug|Win32
		{E92BB39D-D84D-4429-84DF-85100FBC89DF}.Release|Any CPU.ActiveCfg = Debug|Win32
		{E92BB39D-D84D-4429-84DF-85100FBC89DF}.Release|Any CPU.Build.0 = Debug|Win32
		{E92BB39D-D84D-4429-84DF-85100FBC89DF}.Release|x86.ActiveCfg = Release|Win32
		{E92BB39D-D84D-4429-84DF-85100FBC89DF}.Release|x86.Build.0 = Release|Win32
	EndGlobalSection
	GlobalSection(SolutionProperties) = preSolution
		HideSolutionNode = FALSE
	EndGlobalSection
	GlobalSection(ExtensibilityGlobals) = postSolution
		SolutionGuid = {52CE6355-0428-4D4D-ACAE-A53B5203F62E}
	EndGlobalSection
EndGlobal
